// !$*UTF8*$!
{
	archiveVersion = 1;
	classes = {
	};
	objectVersion = 55;
	objects = {

/* Begin PBXBuildFile section */
		146B67A1C6C0FDBA3EB273FB /* Pods_JSONPhotos_JSONPhotosUITests.framework in Frameworks */ = {isa = PBXBuildFile; fileRef = 7FE275BB63E52A7A9E83A346 /* Pods_JSONPhotos_JSONPhotosUITests.framework */; };
		39FBEB3725B82877CB9B5672 /* Pods_JSONPhotosTests.framework in Frameworks */ = {isa = PBXBuildFile; fileRef = 3A6F60BBC8A799B61EB95C10 /* Pods_JSONPhotosTests.framework */; };
		6D7DA181F06B47125108D50B /* Pods_JSONPhotos.framework in Frameworks */ = {isa = PBXBuildFile; fileRef = 39CFF1B6E7CBEA00ECAA52F2 /* Pods_JSONPhotos.framework */; };
		A11E8AFB27C430E600855879 /* Album.swift in Sources */ = {isa = PBXBuildFile; fileRef = A11E8AFA27C430E600855879 /* Album.swift */; };
		A11E8AFD27C4318700855879 /* Photo.swift in Sources */ = {isa = PBXBuildFile; fileRef = A11E8AFC27C4318700855879 /* Photo.swift */; };
		A11E8AFF27C432B000855879 /* Album+Fixture.swift in Sources */ = {isa = PBXBuildFile; fileRef = A11E8AFE27C432B000855879 /* Album+Fixture.swift */; };
		A11E8B0127C4334500855879 /* AlbumFixtureTests.swift in Sources */ = {isa = PBXBuildFile; fileRef = A11E8B0027C4334400855879 /* AlbumFixtureTests.swift */; };
		A1406FC427C3B9CF00535CA7 /* AlbumsViewController.swift in Sources */ = {isa = PBXBuildFile; fileRef = A1406FC227C3B9CF00535CA7 /* AlbumsViewController.swift */; };
		A1406FC527C3B9CF00535CA7 /* AlbumsViewController.xib in Resources */ = {isa = PBXBuildFile; fileRef = A1406FC327C3B9CF00535CA7 /* AlbumsViewController.xib */; };
		A1406FC727C3BA4500535CA7 /* AlbumsViewModel.swift in Sources */ = {isa = PBXBuildFile; fileRef = A1406FC627C3BA4500535CA7 /* AlbumsViewModel.swift */; };
		A1406FC927C3BC1900535CA7 /* AlbumsCoordinator.swift in Sources */ = {isa = PBXBuildFile; fileRef = A1406FC827C3BC1900535CA7 /* AlbumsCoordinator.swift */; };
		A1406FD027C3C1BC00535CA7 /* AlbumsViewModelTests.swift in Sources */ = {isa = PBXBuildFile; fileRef = A1406FCF27C3C1BC00535CA7 /* AlbumsViewModelTests.swift */; };
		A1406FD327C3C3AF00535CA7 /* AlbumsCoordinatorMock.swift in Sources */ = {isa = PBXBuildFile; fileRef = A1406FD227C3C3AF00535CA7 /* AlbumsCoordinatorMock.swift */; };
		A1406FD627C3C46A00535CA7 /* AlbumsDataServiceMock.swift in Sources */ = {isa = PBXBuildFile; fileRef = A1406FD527C3C46A00535CA7 /* AlbumsDataServiceMock.swift */; };
		A1406FD827C3C49200535CA7 /* AlbumsDataService.swift in Sources */ = {isa = PBXBuildFile; fileRef = A1406FD727C3C49200535CA7 /* AlbumsDataService.swift */; };
		A1F3EC3A27C4CB460017E28F /* AlbumsDataServiceTests.swift in Sources */ = {isa = PBXBuildFile; fileRef = A1F3EC3927C4CB460017E28F /* AlbumsDataServiceTests.swift */; };
		A1F3EC3D27C4CD330017E28F /* URL+StaticString.swift in Sources */ = {isa = PBXBuildFile; fileRef = A1F3EC3C27C4CD330017E28F /* URL+StaticString.swift */; };
		A1F3EC4027C4D3240017E28F /* APISessionManagerMock.swift in Sources */ = {isa = PBXBuildFile; fileRef = A1F3EC3F27C4D3240017E28F /* APISessionManagerMock.swift */; };
		A1F3EC4227C4D35C0017E28F /* APISessionManager.swift in Sources */ = {isa = PBXBuildFile; fileRef = A1F3EC4127C4D35C0017E28F /* APISessionManager.swift */; };
		A1F3EC4527C4D6E60017E28F /* album_dataService_tests_001.json in Resources */ = {isa = PBXBuildFile; fileRef = A1F3EC4427C4D6E60017E28F /* album_dataService_tests_001.json */; };
		A1F3EC4927C4DAB10017E28F /* PhotoAPI.swift in Sources */ = {isa = PBXBuildFile; fileRef = A1F3EC4827C4DAB10017E28F /* PhotoAPI.swift */; };
		A1F3EC4B27C4EA280017E28F /* AlbumsFromPhotoAPITests.swift in Sources */ = {isa = PBXBuildFile; fileRef = A1F3EC4A27C4EA280017E28F /* AlbumsFromPhotoAPITests.swift */; };
		A1F3EC4D27C4EC840017E28F /* PhotoAPI+Fixture.swift in Sources */ = {isa = PBXBuildFile; fileRef = A1F3EC4C27C4EC840017E28F /* PhotoAPI+Fixture.swift */; };
		A1F9B80227C2E6EF00F2049D /* AppDelegate.swift in Sources */ = {isa = PBXBuildFile; fileRef = A1F9B80127C2E6EF00F2049D /* AppDelegate.swift */; };
		A1F9B80B27C2E6F200F2049D /* Assets.xcassets in Resources */ = {isa = PBXBuildFile; fileRef = A1F9B80A27C2E6F200F2049D /* Assets.xcassets */; };
		A1F9B80E27C2E6F200F2049D /* LaunchScreen.storyboard in Resources */ = {isa = PBXBuildFile; fileRef = A1F9B80C27C2E6F200F2049D /* LaunchScreen.storyboard */; };
		A1F9B82327C2E6F300F2049D /* JSONPhotosUITests.swift in Sources */ = {isa = PBXBuildFile; fileRef = A1F9B82227C2E6F300F2049D /* JSONPhotosUITests.swift */; };
		A1F9B82527C2E6F300F2049D /* JSONPhotosUITestsLaunchTests.swift in Sources */ = {isa = PBXBuildFile; fileRef = A1F9B82427C2E6F300F2049D /* JSONPhotosUITestsLaunchTests.swift */; };
/* End PBXBuildFile section */

/* Begin PBXContainerItemProxy section */
		A1F9B81527C2E6F200F2049D /* PBXContainerItemProxy */ = {
			isa = PBXContainerItemProxy;
			containerPortal = A1F9B7F627C2E6EF00F2049D /* Project object */;
			proxyType = 1;
			remoteGlobalIDString = A1F9B7FD27C2E6EF00F2049D;
			remoteInfo = JSONPhotos;
		};
		A1F9B81F27C2E6F300F2049D /* PBXContainerItemProxy */ = {
			isa = PBXContainerItemProxy;
			containerPortal = A1F9B7F627C2E6EF00F2049D /* Project object */;
			proxyType = 1;
			remoteGlobalIDString = A1F9B7FD27C2E6EF00F2049D;
			remoteInfo = JSONPhotos;
		};
/* End PBXContainerItemProxy section */

/* Begin PBXFileReference section */
		0B668D746BE8D22182CBA53C /* Pods-JSONPhotos-JSONPhotosUITests.debug.xcconfig */ = {isa = PBXFileReference; includeInIndex = 1; lastKnownFileType = text.xcconfig; name = "Pods-JSONPhotos-JSONPhotosUITests.debug.xcconfig"; path = "Target Support Files/Pods-JSONPhotos-JSONPhotosUITests/Pods-JSONPhotos-JSONPhotosUITests.debug.xcconfig"; sourceTree = "<group>"; };
		18372FBD3507B428A854304D /* Pods-JSONPhotos.debug.xcconfig */ = {isa = PBXFileReference; includeInIndex = 1; lastKnownFileType = text.xcconfig; name = "Pods-JSONPhotos.debug.xcconfig"; path = "Target Support Files/Pods-JSONPhotos/Pods-JSONPhotos.debug.xcconfig"; sourceTree = "<group>"; };
		210C5DF6D12132E91F32993C /* Pods-JSONPhotos-JSONPhotosUITests.release.xcconfig */ = {isa = PBXFileReference; includeInIndex = 1; lastKnownFileType = text.xcconfig; name = "Pods-JSONPhotos-JSONPhotosUITests.release.xcconfig"; path = "Target Support Files/Pods-JSONPhotos-JSONPhotosUITests/Pods-JSONPhotos-JSONPhotosUITests.release.xcconfig"; sourceTree = "<group>"; };
		39CFF1B6E7CBEA00ECAA52F2 /* Pods_JSONPhotos.framework */ = {isa = PBXFileReference; explicitFileType = wrapper.framework; includeInIndex = 0; path = Pods_JSONPhotos.framework; sourceTree = BUILT_PRODUCTS_DIR; };
		3A6F60BBC8A799B61EB95C10 /* Pods_JSONPhotosTests.framework */ = {isa = PBXFileReference; explicitFileType = wrapper.framework; includeInIndex = 0; path = Pods_JSONPhotosTests.framework; sourceTree = BUILT_PRODUCTS_DIR; };
		70A450EA35ED3399B7EF606C /* Pods-JSONPhotosTests.release.xcconfig */ = {isa = PBXFileReference; includeInIndex = 1; lastKnownFileType = text.xcconfig; name = "Pods-JSONPhotosTests.release.xcconfig"; path = "Target Support Files/Pods-JSONPhotosTests/Pods-JSONPhotosTests.release.xcconfig"; sourceTree = "<group>"; };
		7FE275BB63E52A7A9E83A346 /* Pods_JSONPhotos_JSONPhotosUITests.framework */ = {isa = PBXFileReference; explicitFileType = wrapper.framework; includeInIndex = 0; path = Pods_JSONPhotos_JSONPhotosUITests.framework; sourceTree = BUILT_PRODUCTS_DIR; };
		A11E8AFA27C430E600855879 /* Album.swift */ = {isa = PBXFileReference; lastKnownFileType = sourcecode.swift; path = Album.swift; sourceTree = "<group>"; };
		A11E8AFC27C4318700855879 /* Photo.swift */ = {isa = PBXFileReference; lastKnownFileType = sourcecode.swift; path = Photo.swift; sourceTree = "<group>"; };
		A11E8AFE27C432B000855879 /* Album+Fixture.swift */ = {isa = PBXFileReference; fileEncoding = 4; lastKnownFileType = sourcecode.swift; path = "Album+Fixture.swift"; sourceTree = "<group>"; };
		A11E8B0027C4334400855879 /* AlbumFixtureTests.swift */ = {isa = PBXFileReference; lastKnownFileType = sourcecode.swift; path = AlbumFixtureTests.swift; sourceTree = "<group>"; };
		A1406FC227C3B9CF00535CA7 /* AlbumsViewController.swift */ = {isa = PBXFileReference; lastKnownFileType = sourcecode.swift; path = AlbumsViewController.swift; sourceTree = "<group>"; };
		A1406FC327C3B9CF00535CA7 /* AlbumsViewController.xib */ = {isa = PBXFileReference; lastKnownFileType = file.xib; path = AlbumsViewController.xib; sourceTree = "<group>"; };
		A1406FC627C3BA4500535CA7 /* AlbumsViewModel.swift */ = {isa = PBXFileReference; lastKnownFileType = sourcecode.swift; path = AlbumsViewModel.swift; sourceTree = "<group>"; };
		A1406FC827C3BC1900535CA7 /* AlbumsCoordinator.swift */ = {isa = PBXFileReference; lastKnownFileType = sourcecode.swift; path = AlbumsCoordinator.swift; sourceTree = "<group>"; };
		A1406FCF27C3C1BC00535CA7 /* AlbumsViewModelTests.swift */ = {isa = PBXFileReference; lastKnownFileType = sourcecode.swift; path = AlbumsViewModelTests.swift; sourceTree = "<group>"; };
		A1406FD227C3C3AF00535CA7 /* AlbumsCoordinatorMock.swift */ = {isa = PBXFileReference; lastKnownFileType = sourcecode.swift; path = AlbumsCoordinatorMock.swift; sourceTree = "<group>"; };
		A1406FD527C3C46A00535CA7 /* AlbumsDataServiceMock.swift */ = {isa = PBXFileReference; lastKnownFileType = sourcecode.swift; path = AlbumsDataServiceMock.swift; sourceTree = "<group>"; };
		A1406FD727C3C49200535CA7 /* AlbumsDataService.swift */ = {isa = PBXFileReference; lastKnownFileType = sourcecode.swift; path = AlbumsDataService.swift; sourceTree = "<group>"; };
		A1F3EC3927C4CB460017E28F /* AlbumsDataServiceTests.swift */ = {isa = PBXFileReference; lastKnownFileType = sourcecode.swift; path = AlbumsDataServiceTests.swift; sourceTree = "<group>"; };
		A1F3EC3C27C4CD330017E28F /* URL+StaticString.swift */ = {isa = PBXFileReference; lastKnownFileType = sourcecode.swift; path = "URL+StaticString.swift"; sourceTree = "<group>"; };
		A1F3EC3F27C4D3240017E28F /* APISessionManagerMock.swift */ = {isa = PBXFileReference; lastKnownFileType = sourcecode.swift; path = APISessionManagerMock.swift; sourceTree = "<group>"; };
		A1F3EC4127C4D35C0017E28F /* APISessionManager.swift */ = {isa = PBXFileReference; lastKnownFileType = sourcecode.swift; path = APISessionManager.swift; sourceTree = "<group>"; };
		A1F3EC4427C4D6E60017E28F /* album_dataService_tests_001.json */ = {isa = PBXFileReference; lastKnownFileType = text.json; path = album_dataService_tests_001.json; sourceTree = "<group>"; };
		A1F3EC4827C4DAB10017E28F /* PhotoAPI.swift */ = {isa = PBXFileReference; lastKnownFileType = sourcecode.swift; path = PhotoAPI.swift; sourceTree = "<group>"; };
		A1F3EC4A27C4EA280017E28F /* AlbumsFromPhotoAPITests.swift */ = {isa = PBXFileReference; lastKnownFileType = sourcecode.swift; path = AlbumsFromPhotoAPITests.swift; sourceTree = "<group>"; };
		A1F3EC4C27C4EC840017E28F /* PhotoAPI+Fixture.swift */ = {isa = PBXFileReference; lastKnownFileType = sourcecode.swift; path = "PhotoAPI+Fixture.swift"; sourceTree = "<group>"; };
		A1F9B7FE27C2E6EF00F2049D /* JSONPhotos.app */ = {isa = PBXFileReference; explicitFileType = wrapper.application; includeInIndex = 0; path = JSONPhotos.app; sourceTree = BUILT_PRODUCTS_DIR; };
		A1F9B80127C2E6EF00F2049D /* AppDelegate.swift */ = {isa = PBXFileReference; lastKnownFileType = sourcecode.swift; path = AppDelegate.swift; sourceTree = "<group>"; };
		A1F9B80A27C2E6F200F2049D /* Assets.xcassets */ = {isa = PBXFileReference; lastKnownFileType = folder.assetcatalog; path = Assets.xcassets; sourceTree = "<group>"; };
		A1F9B80D27C2E6F200F2049D /* Base */ = {isa = PBXFileReference; lastKnownFileType = file.storyboard; name = Base; path = Base.lproj/LaunchScreen.storyboard; sourceTree = "<group>"; };
		A1F9B80F27C2E6F200F2049D /* Info.plist */ = {isa = PBXFileReference; lastKnownFileType = text.plist.xml; path = Info.plist; sourceTree = "<group>"; };
		A1F9B81427C2E6F200F2049D /* JSONPhotosTests.xctest */ = {isa = PBXFileReference; explicitFileType = wrapper.cfbundle; includeInIndex = 0; path = JSONPhotosTests.xctest; sourceTree = BUILT_PRODUCTS_DIR; };
		A1F9B81E27C2E6F300F2049D /* JSONPhotosUITests.xctest */ = {isa = PBXFileReference; explicitFileType = wrapper.cfbundle; includeInIndex = 0; path = JSONPhotosUITests.xctest; sourceTree = BUILT_PRODUCTS_DIR; };
		A1F9B82227C2E6F300F2049D /* JSONPhotosUITests.swift */ = {isa = PBXFileReference; lastKnownFileType = sourcecode.swift; path = JSONPhotosUITests.swift; sourceTree = "<group>"; };
		A1F9B82427C2E6F300F2049D /* JSONPhotosUITestsLaunchTests.swift */ = {isa = PBXFileReference; lastKnownFileType = sourcecode.swift; path = JSONPhotosUITestsLaunchTests.swift; sourceTree = "<group>"; };
		C2C3EDA92CA01D96A2BA9E3C /* Pods-JSONPhotos.release.xcconfig */ = {isa = PBXFileReference; includeInIndex = 1; lastKnownFileType = text.xcconfig; name = "Pods-JSONPhotos.release.xcconfig"; path = "Target Support Files/Pods-JSONPhotos/Pods-JSONPhotos.release.xcconfig"; sourceTree = "<group>"; };
		F9315F8B32E498A750C272F0 /* Pods-JSONPhotosTests.debug.xcconfig */ = {isa = PBXFileReference; includeInIndex = 1; lastKnownFileType = text.xcconfig; name = "Pods-JSONPhotosTests.debug.xcconfig"; path = "Target Support Files/Pods-JSONPhotosTests/Pods-JSONPhotosTests.debug.xcconfig"; sourceTree = "<group>"; };
/* End PBXFileReference section */

/* Begin PBXFrameworksBuildPhase section */
		A1F9B7FB27C2E6EF00F2049D /* Frameworks */ = {
			isa = PBXFrameworksBuildPhase;
			buildActionMask = 2147483647;
			files = (
				6D7DA181F06B47125108D50B /* Pods_JSONPhotos.framework in Frameworks */,
			);
			runOnlyForDeploymentPostprocessing = 0;
		};
		A1F9B81127C2E6F200F2049D /* Frameworks */ = {
			isa = PBXFrameworksBuildPhase;
			buildActionMask = 2147483647;
			files = (
				39FBEB3725B82877CB9B5672 /* Pods_JSONPhotosTests.framework in Frameworks */,
			);
			runOnlyForDeploymentPostprocessing = 0;
		};
		A1F9B81B27C2E6F200F2049D /* Frameworks */ = {
			isa = PBXFrameworksBuildPhase;
			buildActionMask = 2147483647;
			files = (
				146B67A1C6C0FDBA3EB273FB /* Pods_JSONPhotos_JSONPhotosUITests.framework in Frameworks */,
			);
			runOnlyForDeploymentPostprocessing = 0;
		};
/* End PBXFrameworksBuildPhase section */

/* Begin PBXGroup section */
		A11E8AF627C42FD800855879 /* Fixtures */ = {
			isa = PBXGroup;
			children = (
				A11E8AFE27C432B000855879 /* Album+Fixture.swift */,
				A11E8B0027C4334400855879 /* AlbumFixtureTests.swift */,
				A1F3EC4C27C4EC840017E28F /* PhotoAPI+Fixture.swift */,
			);
			path = Fixtures;
			sourceTree = "<group>";
		};
		A11E8AF927C430C400855879 /* Models */ = {
			isa = PBXGroup;
			children = (
				A11E8AFA27C430E600855879 /* Album.swift */,
				A11E8AFC27C4318700855879 /* Photo.swift */,
			);
			path = Models;
			sourceTree = "<group>";
		};
		A1406FC127C3B95D00535CA7 /* Albums */ = {
			isa = PBXGroup;
			children = (
				A1406FC827C3BC1900535CA7 /* AlbumsCoordinator.swift */,
				A1406FC627C3BA4500535CA7 /* AlbumsViewModel.swift */,
				A1406FC227C3B9CF00535CA7 /* AlbumsViewController.swift */,
				A1406FC327C3B9CF00535CA7 /* AlbumsViewController.xib */,
				A1406FD727C3C49200535CA7 /* AlbumsDataService.swift */,
			);
			path = Albums;
			sourceTree = "<group>";
		};
		A1406FD127C3C38800535CA7 /* Albums */ = {
			isa = PBXGroup;
			children = (
				A1F3EC4327C4D6B40017E28F /* SimulatedAPIResponses */,
				A11E8AF627C42FD800855879 /* Fixtures */,
				A1406FD427C3C3B400535CA7 /* Mocks */,
				A1406FCF27C3C1BC00535CA7 /* AlbumsViewModelTests.swift */,
				A1F3EC3927C4CB460017E28F /* AlbumsDataServiceTests.swift */,
				A1F3EC4A27C4EA280017E28F /* AlbumsFromPhotoAPITests.swift */,
			);
			path = Albums;
			sourceTree = "<group>";
		};
		A1406FD427C3C3B400535CA7 /* Mocks */ = {
			isa = PBXGroup;
			children = (
				A1406FD227C3C3AF00535CA7 /* AlbumsCoordinatorMock.swift */,
				A1406FD527C3C46A00535CA7 /* AlbumsDataServiceMock.swift */,
			);
			path = Mocks;
			sourceTree = "<group>";
		};
		A16EC65C27C2EDD900EE7022 /* Sources */ = {
			isa = PBXGroup;
			children = (
				A1F3EC4627C4DA950017E28F /* NetworkLayer */,
				A1F3EC3B27C4CD230017E28F /* Common */,
				A11E8AF927C430C400855879 /* Models */,
				A16EC65F27C2EE6C00EE7022 /* Scenes */,
				A16EC65E27C2EE5300EE7022 /* App */,
			);
			path = Sources;
			sourceTree = "<group>";
		};
		A16EC65D27C2EDE000EE7022 /* Resources */ = {
			isa = PBXGroup;
			children = (
				A1F9B80A27C2E6F200F2049D /* Assets.xcassets */,
				A1F9B80C27C2E6F200F2049D /* LaunchScreen.storyboard */,
				A1F9B80F27C2E6F200F2049D /* Info.plist */,
			);
			path = Resources;
			sourceTree = "<group>";
		};
		A16EC65E27C2EE5300EE7022 /* App */ = {
			isa = PBXGroup;
			children = (
				A1F9B80127C2E6EF00F2049D /* AppDelegate.swift */,
			);
			path = App;
			sourceTree = "<group>";
		};
		A16EC65F27C2EE6C00EE7022 /* Scenes */ = {
			isa = PBXGroup;
			children = (
				A1406FC127C3B95D00535CA7 /* Albums */,
			);
			path = Scenes;
			sourceTree = "<group>";
		};
		A1F3EC3B27C4CD230017E28F /* Common */ = {
			isa = PBXGroup;
			children = (
				A1F3EC3C27C4CD330017E28F /* URL+StaticString.swift */,
			);
			path = Common;
			sourceTree = "<group>";
		};
		A1F3EC3E27C4D2F60017E28F /* Common */ = {
			isa = PBXGroup;
			children = (
				A1F3EC3F27C4D3240017E28F /* APISessionManagerMock.swift */,
			);
			path = Common;
			sourceTree = "<group>";
		};
		A1F3EC4327C4D6B40017E28F /* SimulatedAPIResponses */ = {
			isa = PBXGroup;
			children = (
				A1F3EC4427C4D6E60017E28F /* album_dataService_tests_001.json */,
			);
			path = SimulatedAPIResponses;
			sourceTree = "<group>";
		};
		A1F3EC4627C4DA950017E28F /* NetworkLayer */ = {
			isa = PBXGroup;
			children = (
				A1F3EC4727C4DA9F0017E28F /* Models */,
				A1F3EC4127C4D35C0017E28F /* APISessionManager.swift */,
			);
			path = NetworkLayer;
			sourceTree = "<group>";
		};
		A1F3EC4727C4DA9F0017E28F /* Models */ = {
			isa = PBXGroup;
			children = (
				A1F3EC4827C4DAB10017E28F /* PhotoAPI.swift */,
			);
			path = Models;
			sourceTree = "<group>";
		};
		A1F9B7F527C2E6EF00F2049D = {
			isa = PBXGroup;
			children = (
				A1F9B80027C2E6EF00F2049D /* JSONPhotos */,
				A1F9B81727C2E6F200F2049D /* JSONPhotosTests */,
				A1F9B82127C2E6F300F2049D /* JSONPhotosUITests */,
				A1F9B7FF27C2E6EF00F2049D /* Products */,
				FF6CD1BEFAA8BD9B4E5D2D6F /* Pods */,
				EC1857D853160DDD6C462F6C /* Frameworks */,
			);
			sourceTree = "<group>";
		};
		A1F9B7FF27C2E6EF00F2049D /* Products */ = {
			isa = PBXGroup;
			children = (
				A1F9B7FE27C2E6EF00F2049D /* JSONPhotos.app */,
				A1F9B81427C2E6F200F2049D /* JSONPhotosTests.xctest */,
				A1F9B81E27C2E6F300F2049D /* JSONPhotosUITests.xctest */,
			);
			name = Products;
			sourceTree = "<group>";
		};
		A1F9B80027C2E6EF00F2049D /* JSONPhotos */ = {
			isa = PBXGroup;
			children = (
				A16EC65D27C2EDE000EE7022 /* Resources */,
				A16EC65C27C2EDD900EE7022 /* Sources */,
			);
			path = JSONPhotos;
			sourceTree = "<group>";
		};
		A1F9B81727C2E6F200F2049D /* JSONPhotosTests */ = {
			isa = PBXGroup;
			children = (
				A1F3EC3E27C4D2F60017E28F /* Common */,
				A1406FD127C3C38800535CA7 /* Albums */,
			);
			path = JSONPhotosTests;
			sourceTree = "<group>";
		};
		A1F9B82127C2E6F300F2049D /* JSONPhotosUITests */ = {
			isa = PBXGroup;
			children = (
				A1F9B82227C2E6F300F2049D /* JSONPhotosUITests.swift */,
				A1F9B82427C2E6F300F2049D /* JSONPhotosUITestsLaunchTests.swift */,
			);
			path = JSONPhotosUITests;
			sourceTree = "<group>";
		};
		EC1857D853160DDD6C462F6C /* Frameworks */ = {
			isa = PBXGroup;
			children = (
				39CFF1B6E7CBEA00ECAA52F2 /* Pods_JSONPhotos.framework */,
				7FE275BB63E52A7A9E83A346 /* Pods_JSONPhotos_JSONPhotosUITests.framework */,
				3A6F60BBC8A799B61EB95C10 /* Pods_JSONPhotosTests.framework */,
			);
			name = Frameworks;
			sourceTree = "<group>";
		};
		FF6CD1BEFAA8BD9B4E5D2D6F /* Pods */ = {
			isa = PBXGroup;
			children = (
				18372FBD3507B428A854304D /* Pods-JSONPhotos.debug.xcconfig */,
				C2C3EDA92CA01D96A2BA9E3C /* Pods-JSONPhotos.release.xcconfig */,
				0B668D746BE8D22182CBA53C /* Pods-JSONPhotos-JSONPhotosUITests.debug.xcconfig */,
				210C5DF6D12132E91F32993C /* Pods-JSONPhotos-JSONPhotosUITests.release.xcconfig */,
				F9315F8B32E498A750C272F0 /* Pods-JSONPhotosTests.debug.xcconfig */,
				70A450EA35ED3399B7EF606C /* Pods-JSONPhotosTests.release.xcconfig */,
			);
			path = Pods;
			sourceTree = "<group>";
		};
/* End PBXGroup section */

/* Begin PBXNativeTarget section */
		A1F9B7FD27C2E6EF00F2049D /* JSONPhotos */ = {
			isa = PBXNativeTarget;
			buildConfigurationList = A1F9B82827C2E6F300F2049D /* Build configuration list for PBXNativeTarget "JSONPhotos" */;
			buildPhases = (
				870F0C4036E415DEE0D7F395 /* [CP] Check Pods Manifest.lock */,
				A16EC65B27C2EA1E00EE7022 /* Swiftlint */,
				A1F9B7FA27C2E6EF00F2049D /* Sources */,
				A1F9B7FB27C2E6EF00F2049D /* Frameworks */,
				A1F9B7FC27C2E6EF00F2049D /* Resources */,
				1390D8123087AEE67D838E91 /* [CP] Embed Pods Frameworks */,
			);
			buildRules = (
			);
			dependencies = (
			);
			name = JSONPhotos;
			productName = JSONPhotos;
			productReference = A1F9B7FE27C2E6EF00F2049D /* JSONPhotos.app */;
			productType = "com.apple.product-type.application";
		};
		A1F9B81327C2E6F200F2049D /* JSONPhotosTests */ = {
			isa = PBXNativeTarget;
			buildConfigurationList = A1F9B82B27C2E6F300F2049D /* Build configuration list for PBXNativeTarget "JSONPhotosTests" */;
			buildPhases = (
				46052E861B1F73BA57D2FCB6 /* [CP] Check Pods Manifest.lock */,
				A1F9B81027C2E6F200F2049D /* Sources */,
				A1F9B81127C2E6F200F2049D /* Frameworks */,
				A1F9B81227C2E6F200F2049D /* Resources */,
				66E3D193C3DC51B144CA072A /* [CP] Embed Pods Frameworks */,
			);
			buildRules = (
			);
			dependencies = (
				A1F9B81627C2E6F200F2049D /* PBXTargetDependency */,
			);
			name = JSONPhotosTests;
			productName = JSONPhotosTests;
			productReference = A1F9B81427C2E6F200F2049D /* JSONPhotosTests.xctest */;
			productType = "com.apple.product-type.bundle.unit-test";
		};
		A1F9B81D27C2E6F200F2049D /* JSONPhotosUITests */ = {
			isa = PBXNativeTarget;
			buildConfigurationList = A1F9B82E27C2E6F300F2049D /* Build configuration list for PBXNativeTarget "JSONPhotosUITests" */;
			buildPhases = (
				4D4C8DAE7B558C1DCA8B7CDD /* [CP] Check Pods Manifest.lock */,
				A1F9B81A27C2E6F200F2049D /* Sources */,
				A1F9B81B27C2E6F200F2049D /* Frameworks */,
				A1F9B81C27C2E6F200F2049D /* Resources */,
				DDD889D2795126FB158E1B6D /* [CP] Embed Pods Frameworks */,
			);
			buildRules = (
			);
			dependencies = (
				A1F9B82027C2E6F300F2049D /* PBXTargetDependency */,
			);
			name = JSONPhotosUITests;
			productName = JSONPhotosUITests;
			productReference = A1F9B81E27C2E6F300F2049D /* JSONPhotosUITests.xctest */;
			productType = "com.apple.product-type.bundle.ui-testing";
		};
/* End PBXNativeTarget section */

/* Begin PBXProject section */
		A1F9B7F627C2E6EF00F2049D /* Project object */ = {
			isa = PBXProject;
			attributes = {
				BuildIndependentTargetsInParallel = 1;
				LastSwiftUpdateCheck = 1320;
				LastUpgradeCheck = 1320;
				TargetAttributes = {
					A1F9B7FD27C2E6EF00F2049D = {
						CreatedOnToolsVersion = 13.2;
					};
					A1F9B81327C2E6F200F2049D = {
						CreatedOnToolsVersion = 13.2;
						TestTargetID = A1F9B7FD27C2E6EF00F2049D;
					};
					A1F9B81D27C2E6F200F2049D = {
						CreatedOnToolsVersion = 13.2;
						TestTargetID = A1F9B7FD27C2E6EF00F2049D;
					};
				};
			};
			buildConfigurationList = A1F9B7F927C2E6EF00F2049D /* Build configuration list for PBXProject "JSONPhotos" */;
			compatibilityVersion = "Xcode 13.0";
			developmentRegion = en;
			hasScannedForEncodings = 0;
			knownRegions = (
				en,
				Base,
			);
			mainGroup = A1F9B7F527C2E6EF00F2049D;
			productRefGroup = A1F9B7FF27C2E6EF00F2049D /* Products */;
			projectDirPath = "";
			projectRoot = "";
			targets = (
				A1F9B7FD27C2E6EF00F2049D /* JSONPhotos */,
				A1F9B81327C2E6F200F2049D /* JSONPhotosTests */,
				A1F9B81D27C2E6F200F2049D /* JSONPhotosUITests */,
			);
		};
/* End PBXProject section */

/* Begin PBXResourcesBuildPhase section */
		A1F9B7FC27C2E6EF00F2049D /* Resources */ = {
			isa = PBXResourcesBuildPhase;
			buildActionMask = 2147483647;
			files = (
				A1F9B80E27C2E6F200F2049D /* LaunchScreen.storyboard in Resources */,
				A1406FC527C3B9CF00535CA7 /* AlbumsViewController.xib in Resources */,
				A1F9B80B27C2E6F200F2049D /* Assets.xcassets in Resources */,
			);
			runOnlyForDeploymentPostprocessing = 0;
		};
		A1F9B81227C2E6F200F2049D /* Resources */ = {
			isa = PBXResourcesBuildPhase;
			buildActionMask = 2147483647;
			files = (
				A1F3EC4527C4D6E60017E28F /* album_dataService_tests_001.json in Resources */,
			);
			runOnlyForDeploymentPostprocessing = 0;
		};
		A1F9B81C27C2E6F200F2049D /* Resources */ = {
			isa = PBXResourcesBuildPhase;
			buildActionMask = 2147483647;
			files = (
			);
			runOnlyForDeploymentPostprocessing = 0;
		};
/* End PBXResourcesBuildPhase section */

/* Begin PBXShellScriptBuildPhase section */
		1390D8123087AEE67D838E91 /* [CP] Embed Pods Frameworks */ = {
			isa = PBXShellScriptBuildPhase;
			buildActionMask = 2147483647;
			files = (
			);
			inputFileListPaths = (
				"${PODS_ROOT}/Target Support Files/Pods-JSONPhotos/Pods-JSONPhotos-frameworks-${CONFIGURATION}-input-files.xcfilelist",
			);
			name = "[CP] Embed Pods Frameworks";
			outputFileListPaths = (
				"${PODS_ROOT}/Target Support Files/Pods-JSONPhotos/Pods-JSONPhotos-frameworks-${CONFIGURATION}-output-files.xcfilelist",
			);
			runOnlyForDeploymentPostprocessing = 0;
			shellPath = /bin/sh;
			shellScript = "\"${PODS_ROOT}/Target Support Files/Pods-JSONPhotos/Pods-JSONPhotos-frameworks.sh\"\n";
			showEnvVarsInLog = 0;
		};
		46052E861B1F73BA57D2FCB6 /* [CP] Check Pods Manifest.lock */ = {
			isa = PBXShellScriptBuildPhase;
			buildActionMask = 2147483647;
			files = (
			);
			inputFileListPaths = (
			);
			inputPaths = (
				"${PODS_PODFILE_DIR_PATH}/Podfile.lock",
				"${PODS_ROOT}/Manifest.lock",
			);
			name = "[CP] Check Pods Manifest.lock";
			outputFileListPaths = (
			);
			outputPaths = (
				"$(DERIVED_FILE_DIR)/Pods-JSONPhotosTests-checkManifestLockResult.txt",
			);
			runOnlyForDeploymentPostprocessing = 0;
			shellPath = /bin/sh;
			shellScript = "diff \"${PODS_PODFILE_DIR_PATH}/Podfile.lock\" \"${PODS_ROOT}/Manifest.lock\" > /dev/null\nif [ $? != 0 ] ; then\n    # print error to STDERR\n    echo \"error: The sandbox is not in sync with the Podfile.lock. Run 'pod install' or update your CocoaPods installation.\" >&2\n    exit 1\nfi\n# This output is used by Xcode 'outputs' to avoid re-running this script phase.\necho \"SUCCESS\" > \"${SCRIPT_OUTPUT_FILE_0}\"\n";
			showEnvVarsInLog = 0;
		};
		4D4C8DAE7B558C1DCA8B7CDD /* [CP] Check Pods Manifest.lock */ = {
			isa = PBXShellScriptBuildPhase;
			buildActionMask = 2147483647;
			files = (
			);
			inputFileListPaths = (
			);
			inputPaths = (
				"${PODS_PODFILE_DIR_PATH}/Podfile.lock",
				"${PODS_ROOT}/Manifest.lock",
			);
			name = "[CP] Check Pods Manifest.lock";
			outputFileListPaths = (
			);
			outputPaths = (
				"$(DERIVED_FILE_DIR)/Pods-JSONPhotos-JSONPhotosUITests-checkManifestLockResult.txt",
			);
			runOnlyForDeploymentPostprocessing = 0;
			shellPath = /bin/sh;
			shellScript = "diff \"${PODS_PODFILE_DIR_PATH}/Podfile.lock\" \"${PODS_ROOT}/Manifest.lock\" > /dev/null\nif [ $? != 0 ] ; then\n    # print error to STDERR\n    echo \"error: The sandbox is not in sync with the Podfile.lock. Run 'pod install' or update your CocoaPods installation.\" >&2\n    exit 1\nfi\n# This output is used by Xcode 'outputs' to avoid re-running this script phase.\necho \"SUCCESS\" > \"${SCRIPT_OUTPUT_FILE_0}\"\n";
			showEnvVarsInLog = 0;
		};
		66E3D193C3DC51B144CA072A /* [CP] Embed Pods Frameworks */ = {
			isa = PBXShellScriptBuildPhase;
			buildActionMask = 2147483647;
			files = (
			);
			inputFileListPaths = (
				"${PODS_ROOT}/Target Support Files/Pods-JSONPhotosTests/Pods-JSONPhotosTests-frameworks-${CONFIGURATION}-input-files.xcfilelist",
			);
			name = "[CP] Embed Pods Frameworks";
			outputFileListPaths = (
				"${PODS_ROOT}/Target Support Files/Pods-JSONPhotosTests/Pods-JSONPhotosTests-frameworks-${CONFIGURATION}-output-files.xcfilelist",
			);
			runOnlyForDeploymentPostprocessing = 0;
			shellPath = /bin/sh;
			shellScript = "\"${PODS_ROOT}/Target Support Files/Pods-JSONPhotosTests/Pods-JSONPhotosTests-frameworks.sh\"\n";
			showEnvVarsInLog = 0;
		};
		870F0C4036E415DEE0D7F395 /* [CP] Check Pods Manifest.lock */ = {
			isa = PBXShellScriptBuildPhase;
			buildActionMask = 2147483647;
			files = (
			);
			inputFileListPaths = (
			);
			inputPaths = (
				"${PODS_PODFILE_DIR_PATH}/Podfile.lock",
				"${PODS_ROOT}/Manifest.lock",
			);
			name = "[CP] Check Pods Manifest.lock";
			outputFileListPaths = (
			);
			outputPaths = (
				"$(DERIVED_FILE_DIR)/Pods-JSONPhotos-checkManifestLockResult.txt",
			);
			runOnlyForDeploymentPostprocessing = 0;
			shellPath = /bin/sh;
			shellScript = "diff \"${PODS_PODFILE_DIR_PATH}/Podfile.lock\" \"${PODS_ROOT}/Manifest.lock\" > /dev/null\nif [ $? != 0 ] ; then\n    # print error to STDERR\n    echo \"error: The sandbox is not in sync with the Podfile.lock. Run 'pod install' or update your CocoaPods installation.\" >&2\n    exit 1\nfi\n# This output is used by Xcode 'outputs' to avoid re-running this script phase.\necho \"SUCCESS\" > \"${SCRIPT_OUTPUT_FILE_0}\"\n";
			showEnvVarsInLog = 0;
		};
		A16EC65B27C2EA1E00EE7022 /* Swiftlint */ = {
			isa = PBXShellScriptBuildPhase;
			buildActionMask = 2147483647;
			files = (
			);
			inputFileListPaths = (
			);
			inputPaths = (
			);
			name = Swiftlint;
			outputFileListPaths = (
			);
			outputPaths = (
			);
			runOnlyForDeploymentPostprocessing = 0;
			shellPath = /bin/sh;
			shellScript = "swiftlint=\"${PODS_ROOT}/SwiftLint/swiftlint\"\n\nif which ${swiftlint} >/dev/null; then    \n    ${swiftlint} --fix --config \"${SRCROOT}/.swiftlint.yml\"\n    ${swiftlint} --config \"${SRCROOT}/.swiftlint.yml\"\nelse\n    echo \"warning: SwiftLint not installed, download from https://github.com/realm/SwiftLint\"\nfi\n";
		};
		DDD889D2795126FB158E1B6D /* [CP] Embed Pods Frameworks */ = {
			isa = PBXShellScriptBuildPhase;
			buildActionMask = 2147483647;
			files = (
			);
			inputFileListPaths = (
				"${PODS_ROOT}/Target Support Files/Pods-JSONPhotos-JSONPhotosUITests/Pods-JSONPhotos-JSONPhotosUITests-frameworks-${CONFIGURATION}-input-files.xcfilelist",
			);
			name = "[CP] Embed Pods Frameworks";
			outputFileListPaths = (
				"${PODS_ROOT}/Target Support Files/Pods-JSONPhotos-JSONPhotosUITests/Pods-JSONPhotos-JSONPhotosUITests-frameworks-${CONFIGURATION}-output-files.xcfilelist",
			);
			runOnlyForDeploymentPostprocessing = 0;
			shellPath = /bin/sh;
			shellScript = "\"${PODS_ROOT}/Target Support Files/Pods-JSONPhotos-JSONPhotosUITests/Pods-JSONPhotos-JSONPhotosUITests-frameworks.sh\"\n";
			showEnvVarsInLog = 0;
		};
/* End PBXShellScriptBuildPhase section */

/* Begin PBXSourcesBuildPhase section */
		A1F9B7FA27C2E6EF00F2049D /* Sources */ = {
			isa = PBXSourcesBuildPhase;
			buildActionMask = 2147483647;
			files = (
				A1F3EC4927C4DAB10017E28F /* PhotoAPI.swift in Sources */,
				A11E8AFD27C4318700855879 /* Photo.swift in Sources */,
				A1406FC727C3BA4500535CA7 /* AlbumsViewModel.swift in Sources */,
				A1F3EC4227C4D35C0017E28F /* APISessionManager.swift in Sources */,
				A1406FD827C3C49200535CA7 /* AlbumsDataService.swift in Sources */,
				A1F9B80227C2E6EF00F2049D /* AppDelegate.swift in Sources */,
				A1406FC927C3BC1900535CA7 /* AlbumsCoordinator.swift in Sources */,
				A1406FC427C3B9CF00535CA7 /* AlbumsViewController.swift in Sources */,
				A1F3EC3D27C4CD330017E28F /* URL+StaticString.swift in Sources */,
				A11E8AFB27C430E600855879 /* Album.swift in Sources */,
			);
			runOnlyForDeploymentPostprocessing = 0;
		};
		A1F9B81027C2E6F200F2049D /* Sources */ = {
			isa = PBXSourcesBuildPhase;
			buildActionMask = 2147483647;
			files = (
				A1406FD627C3C46A00535CA7 /* AlbumsDataServiceMock.swift in Sources */,
				A11E8B0127C4334500855879 /* AlbumFixtureTests.swift in Sources */,
				A1406FD327C3C3AF00535CA7 /* AlbumsCoordinatorMock.swift in Sources */,
				A1406FD027C3C1BC00535CA7 /* AlbumsViewModelTests.swift in Sources */,
				A11E8AFF27C432B000855879 /* Album+Fixture.swift in Sources */,
				A1F3EC4D27C4EC840017E28F /* PhotoAPI+Fixture.swift in Sources */,
				A1F3EC4027C4D3240017E28F /* APISessionManagerMock.swift in Sources */,
				A1F3EC3A27C4CB460017E28F /* AlbumsDataServiceTests.swift in Sources */,
				A1F3EC4B27C4EA280017E28F /* AlbumsFromPhotoAPITests.swift in Sources */,
			);
			runOnlyForDeploymentPostprocessing = 0;
		};
		A1F9B81A27C2E6F200F2049D /* Sources */ = {
			isa = PBXSourcesBuildPhase;
			buildActionMask = 2147483647;
			files = (
				A1F9B82327C2E6F300F2049D /* JSONPhotosUITests.swift in Sources */,
				A1F9B82527C2E6F300F2049D /* JSONPhotosUITestsLaunchTests.swift in Sources */,
			);
			runOnlyForDeploymentPostprocessing = 0;
		};
/* End PBXSourcesBuildPhase section */

/* Begin PBXTargetDependency section */
		A1F9B81627C2E6F200F2049D /* PBXTargetDependency */ = {
			isa = PBXTargetDependency;
			target = A1F9B7FD27C2E6EF00F2049D /* JSONPhotos */;
			targetProxy = A1F9B81527C2E6F200F2049D /* PBXContainerItemProxy */;
		};
		A1F9B82027C2E6F300F2049D /* PBXTargetDependency */ = {
			isa = PBXTargetDependency;
			target = A1F9B7FD27C2E6EF00F2049D /* JSONPhotos */;
			targetProxy = A1F9B81F27C2E6F300F2049D /* PBXContainerItemProxy */;
		};
/* End PBXTargetDependency section */

/* Begin PBXVariantGroup section */
		A1F9B80C27C2E6F200F2049D /* LaunchScreen.storyboard */ = {
			isa = PBXVariantGroup;
			children = (
				A1F9B80D27C2E6F200F2049D /* Base */,
			);
			name = LaunchScreen.storyboard;
			sourceTree = "<group>";
		};
/* End PBXVariantGroup section */

/* Begin XCBuildConfiguration section */
		A1F9B82627C2E6F300F2049D /* Debug */ = {
			isa = XCBuildConfiguration;
			buildSettings = {
				ALWAYS_SEARCH_USER_PATHS = NO;
				CLANG_ANALYZER_NONNULL = YES;
				CLANG_ANALYZER_NUMBER_OBJECT_CONVERSION = YES_AGGRESSIVE;
				CLANG_CXX_LANGUAGE_STANDARD = "gnu++17";
				CLANG_CXX_LIBRARY = "libc++";
				CLANG_ENABLE_MODULES = YES;
				CLANG_ENABLE_OBJC_ARC = YES;
				CLANG_ENABLE_OBJC_WEAK = YES;
				CLANG_WARN_BLOCK_CAPTURE_AUTORELEASING = YES;
				CLANG_WARN_BOOL_CONVERSION = YES;
				CLANG_WARN_COMMA = YES;
				CLANG_WARN_CONSTANT_CONVERSION = YES;
				CLANG_WARN_DEPRECATED_OBJC_IMPLEMENTATIONS = YES;
				CLANG_WARN_DIRECT_OBJC_ISA_USAGE = YES_ERROR;
				CLANG_WARN_DOCUMENTATION_COMMENTS = YES;
				CLANG_WARN_EMPTY_BODY = YES;
				CLANG_WARN_ENUM_CONVERSION = YES;
				CLANG_WARN_INFINITE_RECURSION = YES;
				CLANG_WARN_INT_CONVERSION = YES;
				CLANG_WARN_NON_LITERAL_NULL_CONVERSION = YES;
				CLANG_WARN_OBJC_IMPLICIT_RETAIN_SELF = YES;
				CLANG_WARN_OBJC_LITERAL_CONVERSION = YES;
				CLANG_WARN_OBJC_ROOT_CLASS = YES_ERROR;
				CLANG_WARN_QUOTED_INCLUDE_IN_FRAMEWORK_HEADER = YES;
				CLANG_WARN_RANGE_LOOP_ANALYSIS = YES;
				CLANG_WARN_STRICT_PROTOTYPES = YES;
				CLANG_WARN_SUSPICIOUS_MOVE = YES;
				CLANG_WARN_UNGUARDED_AVAILABILITY = YES_AGGRESSIVE;
				CLANG_WARN_UNREACHABLE_CODE = YES;
				CLANG_WARN__DUPLICATE_METHOD_MATCH = YES;
				COPY_PHASE_STRIP = NO;
				DEBUG_INFORMATION_FORMAT = dwarf;
				ENABLE_STRICT_OBJC_MSGSEND = YES;
				ENABLE_TESTABILITY = YES;
				GCC_C_LANGUAGE_STANDARD = gnu11;
				GCC_DYNAMIC_NO_PIC = NO;
				GCC_NO_COMMON_BLOCKS = YES;
				GCC_OPTIMIZATION_LEVEL = 0;
				GCC_PREPROCESSOR_DEFINITIONS = (
					"DEBUG=1",
					"$(inherited)",
				);
				GCC_WARN_64_TO_32_BIT_CONVERSION = YES;
				GCC_WARN_ABOUT_RETURN_TYPE = YES_ERROR;
				GCC_WARN_UNDECLARED_SELECTOR = YES;
				GCC_WARN_UNINITIALIZED_AUTOS = YES_AGGRESSIVE;
				GCC_WARN_UNUSED_FUNCTION = YES;
				GCC_WARN_UNUSED_VARIABLE = YES;
				IPHONEOS_DEPLOYMENT_TARGET = 10.0;
				MTL_ENABLE_DEBUG_INFO = INCLUDE_SOURCE;
				MTL_FAST_MATH = YES;
				ONLY_ACTIVE_ARCH = YES;
				SDKROOT = iphoneos;
				SWIFT_ACTIVE_COMPILATION_CONDITIONS = DEBUG;
				SWIFT_OPTIMIZATION_LEVEL = "-Onone";
			};
			name = Debug;
		};
		A1F9B82727C2E6F300F2049D /* Release */ = {
			isa = XCBuildConfiguration;
			buildSettings = {
				ALWAYS_SEARCH_USER_PATHS = NO;
				CLANG_ANALYZER_NONNULL = YES;
				CLANG_ANALYZER_NUMBER_OBJECT_CONVERSION = YES_AGGRESSIVE;
				CLANG_CXX_LANGUAGE_STANDARD = "gnu++17";
				CLANG_CXX_LIBRARY = "libc++";
				CLANG_ENABLE_MODULES = YES;
				CLANG_ENABLE_OBJC_ARC = YES;
				CLANG_ENABLE_OBJC_WEAK = YES;
				CLANG_WARN_BLOCK_CAPTURE_AUTORELEASING = YES;
				CLANG_WARN_BOOL_CONVERSION = YES;
				CLANG_WARN_COMMA = YES;
				CLANG_WARN_CONSTANT_CONVERSION = YES;
				CLANG_WARN_DEPRECATED_OBJC_IMPLEMENTATIONS = YES;
				CLANG_WARN_DIRECT_OBJC_ISA_USAGE = YES_ERROR;
				CLANG_WARN_DOCUMENTATION_COMMENTS = YES;
				CLANG_WARN_EMPTY_BODY = YES;
				CLANG_WARN_ENUM_CONVERSION = YES;
				CLANG_WARN_INFINITE_RECURSION = YES;
				CLANG_WARN_INT_CONVERSION = YES;
				CLANG_WARN_NON_LITERAL_NULL_CONVERSION = YES;
				CLANG_WARN_OBJC_IMPLICIT_RETAIN_SELF = YES;
				CLANG_WARN_OBJC_LITERAL_CONVERSION = YES;
				CLANG_WARN_OBJC_ROOT_CLASS = YES_ERROR;
				CLANG_WARN_QUOTED_INCLUDE_IN_FRAMEWORK_HEADER = YES;
				CLANG_WARN_RANGE_LOOP_ANALYSIS = YES;
				CLANG_WARN_STRICT_PROTOTYPES = YES;
				CLANG_WARN_SUSPICIOUS_MOVE = YES;
				CLANG_WARN_UNGUARDED_AVAILABILITY = YES_AGGRESSIVE;
				CLANG_WARN_UNREACHABLE_CODE = YES;
				CLANG_WARN__DUPLICATE_METHOD_MATCH = YES;
				COPY_PHASE_STRIP = NO;
				DEBUG_INFORMATION_FORMAT = "dwarf-with-dsym";
				ENABLE_NS_ASSERTIONS = NO;
				ENABLE_STRICT_OBJC_MSGSEND = YES;
				GCC_C_LANGUAGE_STANDARD = gnu11;
				GCC_NO_COMMON_BLOCKS = YES;
				GCC_WARN_64_TO_32_BIT_CONVERSION = YES;
				GCC_WARN_ABOUT_RETURN_TYPE = YES_ERROR;
				GCC_WARN_UNDECLARED_SELECTOR = YES;
				GCC_WARN_UNINITIALIZED_AUTOS = YES_AGGRESSIVE;
				GCC_WARN_UNUSED_FUNCTION = YES;
				GCC_WARN_UNUSED_VARIABLE = YES;
				IPHONEOS_DEPLOYMENT_TARGET = 10.0;
				MTL_ENABLE_DEBUG_INFO = NO;
				MTL_FAST_MATH = YES;
				SDKROOT = iphoneos;
				SWIFT_COMPILATION_MODE = wholemodule;
				SWIFT_OPTIMIZATION_LEVEL = "-O";
				VALIDATE_PRODUCT = YES;
			};
			name = Release;
		};
		A1F9B82927C2E6F300F2049D /* Debug */ = {
			isa = XCBuildConfiguration;
			baseConfigurationReference = 18372FBD3507B428A854304D /* Pods-JSONPhotos.debug.xcconfig */;
			buildSettings = {
				ASSETCATALOG_COMPILER_APPICON_NAME = AppIcon;
				ASSETCATALOG_COMPILER_GLOBAL_ACCENT_COLOR_NAME = AccentColor;
				CODE_SIGN_STYLE = Automatic;
				CURRENT_PROJECT_VERSION = 1;
				DEVELOPMENT_TEAM = 5B3WD9XJ9K;
				GENERATE_INFOPLIST_FILE = YES;
				INFOPLIST_FILE = JSONPhotos/Resources/Info.plist;
				INFOPLIST_KEY_UIApplicationSupportsIndirectInputEvents = YES;
				INFOPLIST_KEY_UILaunchStoryboardName = LaunchScreen;
				INFOPLIST_KEY_UISupportedInterfaceOrientations_iPad = "UIInterfaceOrientationPortrait UIInterfaceOrientationPortraitUpsideDown UIInterfaceOrientationLandscapeLeft UIInterfaceOrientationLandscapeRight";
				INFOPLIST_KEY_UISupportedInterfaceOrientations_iPhone = "UIInterfaceOrientationPortrait UIInterfaceOrientationLandscapeLeft UIInterfaceOrientationLandscapeRight";
				IPHONEOS_DEPLOYMENT_TARGET = 10.0;
				LD_RUNPATH_SEARCH_PATHS = (
					"$(inherited)",
					"@executable_path/Frameworks",
				);
				MARKETING_VERSION = 1.0;
				PRODUCT_BUNDLE_IDENTIFIER = com.anthony.JSONPhotos;
				PRODUCT_NAME = "$(TARGET_NAME)";
				SWIFT_EMIT_LOC_STRINGS = YES;
				SWIFT_VERSION = 5.0;
				TARGETED_DEVICE_FAMILY = "1,2";
			};
			name = Debug;
		};
		A1F9B82A27C2E6F300F2049D /* Release */ = {
			isa = XCBuildConfiguration;
			baseConfigurationReference = C2C3EDA92CA01D96A2BA9E3C /* Pods-JSONPhotos.release.xcconfig */;
			buildSettings = {
				ASSETCATALOG_COMPILER_APPICON_NAME = AppIcon;
				ASSETCATALOG_COMPILER_GLOBAL_ACCENT_COLOR_NAME = AccentColor;
				CODE_SIGN_STYLE = Automatic;
				CURRENT_PROJECT_VERSION = 1;
				DEVELOPMENT_TEAM = 5B3WD9XJ9K;
				GENERATE_INFOPLIST_FILE = YES;
				INFOPLIST_FILE = JSONPhotos/Resources/Info.plist;
				INFOPLIST_KEY_UIApplicationSupportsIndirectInputEvents = YES;
				INFOPLIST_KEY_UILaunchStoryboardName = LaunchScreen;
				INFOPLIST_KEY_UISupportedInterfaceOrientations_iPad = "UIInterfaceOrientationPortrait UIInterfaceOrientationPortraitUpsideDown UIInterfaceOrientationLandscapeLeft UIInterfaceOrientationLandscapeRight";
				INFOPLIST_KEY_UISupportedInterfaceOrientations_iPhone = "UIInterfaceOrientationPortrait UIInterfaceOrientationLandscapeLeft UIInterfaceOrientationLandscapeRight";
				IPHONEOS_DEPLOYMENT_TARGET = 10.0;
				LD_RUNPATH_SEARCH_PATHS = (
					"$(inherited)",
					"@executable_path/Frameworks",
				);
				MARKETING_VERSION = 1.0;
				PRODUCT_BUNDLE_IDENTIFIER = com.anthony.JSONPhotos;
				PRODUCT_NAME = "$(TARGET_NAME)";
				SWIFT_EMIT_LOC_STRINGS = YES;
				SWIFT_VERSION = 5.0;
				TARGETED_DEVICE_FAMILY = "1,2";
			};
			name = Release;
		};
		A1F9B82C27C2E6F300F2049D /* Debug */ = {
			isa = XCBuildConfiguration;
			baseConfigurationReference = F9315F8B32E498A750C272F0 /* Pods-JSONPhotosTests.debug.xcconfig */;
			buildSettings = {
				ALWAYS_EMBED_SWIFT_STANDARD_LIBRARIES = YES;
				BUNDLE_LOADER = "$(TEST_HOST)";
				CODE_SIGN_STYLE = Automatic;
				CURRENT_PROJECT_VERSION = 1;
				DEVELOPMENT_TEAM = 5B3WD9XJ9K;
				GENERATE_INFOPLIST_FILE = YES;
				IPHONEOS_DEPLOYMENT_TARGET = 15.2;
				MARKETING_VERSION = 1.0;
				PRODUCT_BUNDLE_IDENTIFIER = com.anthony.JSONPhotosTests;
				PRODUCT_NAME = "$(TARGET_NAME)";
				SWIFT_EMIT_LOC_STRINGS = NO;
				SWIFT_VERSION = 5.0;
				TARGETED_DEVICE_FAMILY = "1,2";
				TEST_HOST = "$(BUILT_PRODUCTS_DIR)/JSONPhotos.app/JSONPhotos";
			};
			name = Debug;
		};
		A1F9B82D27C2E6F300F2049D /* Release */ = {
			isa = XCBuildConfiguration;
			baseConfigurationReference = 70A450EA35ED3399B7EF606C /* Pods-JSONPhotosTests.release.xcconfig */;
			buildSettings = {
				ALWAYS_EMBED_SWIFT_STANDARD_LIBRARIES = YES;
				BUNDLE_LOADER = "$(TEST_HOST)";
				CODE_SIGN_STYLE = Automatic;
				CURRENT_PROJECT_VERSION = 1;
				DEVELOPMENT_TEAM = 5B3WD9XJ9K;
				GENERATE_INFOPLIST_FILE = YES;
				IPHONEOS_DEPLOYMENT_TARGET = 15.2;
				MARKETING_VERSION = 1.0;
				PRODUCT_BUNDLE_IDENTIFIER = com.anthony.JSONPhotosTests;
				PRODUCT_NAME = "$(TARGET_NAME)";
				SWIFT_EMIT_LOC_STRINGS = NO;
				SWIFT_VERSION = 5.0;
				TARGETED_DEVICE_FAMILY = "1,2";
				TEST_HOST = "$(BUILT_PRODUCTS_DIR)/JSONPhotos.app/JSONPhotos";
			};
			name = Release;
		};
		A1F9B82F27C2E6F300F2049D /* Debug */ = {
			isa = XCBuildConfiguration;
			baseConfigurationReference = 0B668D746BE8D22182CBA53C /* Pods-JSONPhotos-JSONPhotosUITests.debug.xcconfig */;
			buildSettings = {
				CODE_SIGN_STYLE = Automatic;
				CURRENT_PROJECT_VERSION = 1;
				DEVELOPMENT_TEAM = 5B3WD9XJ9K;
				GENERATE_INFOPLIST_FILE = YES;
				MARKETING_VERSION = 1.0;
				PRODUCT_BUNDLE_IDENTIFIER = com.anthony.JSONPhotosUITests;
				PRODUCT_NAME = "$(TARGET_NAME)";
				SWIFT_EMIT_LOC_STRINGS = NO;
				SWIFT_VERSION = 5.0;
				TARGETED_DEVICE_FAMILY = "1,2";
				TEST_TARGET_NAME = JSONPhotos;
			};
			name = Debug;
		};
		A1F9B83027C2E6F300F2049D /* Release */ = {
			isa = XCBuildConfiguration;
			baseConfigurationReference = 210C5DF6D12132E91F32993C /* Pods-JSONPhotos-JSONPhotosUITests.release.xcconfig */;
			buildSettings = {
				CODE_SIGN_STYLE = Automatic;
				CURRENT_PROJECT_VERSION = 1;
				DEVELOPMENT_TEAM = 5B3WD9XJ9K;
				GENERATE_INFOPLIST_FILE = YES;
				MARKETING_VERSION = 1.0;
				PRODUCT_BUNDLE_IDENTIFIER = com.anthony.JSONPhotosUITests;
				PRODUCT_NAME = "$(TARGET_NAME)";
				SWIFT_EMIT_LOC_STRINGS = NO;
				SWIFT_VERSION = 5.0;
				TARGETED_DEVICE_FAMILY = "1,2";
				TEST_TARGET_NAME = JSONPhotos;
			};
			name = Release;
		};
/* End XCBuildConfiguration section */

/* Begin XCConfigurationList section */
		A1F9B7F927C2E6EF00F2049D /* Build configuration list for PBXProject "JSONPhotos" */ = {
			isa = XCConfigurationList;
			buildConfigurations = (
				A1F9B82627C2E6F300F2049D /* Debug */,
				A1F9B82727C2E6F300F2049D /* Release */,
			);
			defaultConfigurationIsVisible = 0;
			defaultConfigurationName = Release;
		};
		A1F9B82827C2E6F300F2049D /* Build configuration list for PBXNativeTarget "JSONPhotos" */ = {
			isa = XCConfigurationList;
			buildConfigurations = (
				A1F9B82927C2E6F300F2049D /* Debug */,
				A1F9B82A27C2E6F300F2049D /* Release */,
			);
			defaultConfigurationIsVisible = 0;
			defaultConfigurationName = Release;
		};
		A1F9B82B27C2E6F300F2049D /* Build configuration list for PBXNativeTarget "JSONPhotosTests" */ = {
			isa = XCConfigurationList;
			buildConfigurations = (
				A1F9B82C27C2E6F300F2049D /* Debug */,
				A1F9B82D27C2E6F300F2049D /* Release */,
			);
			defaultConfigurationIsVisible = 0;
			defaultConfigurationName = Release;
		};
		A1F9B82E27C2E6F300F2049D /* Build configuration list for PBXNativeTarget "JSONPhotosUITests" */ = {
			isa = XCConfigurationList;
			buildConfigurations = (
				A1F9B82F27C2E6F300F2049D /* Debug */,
				A1F9B83027C2E6F300F2049D /* Release */,
			);
			defaultConfigurationIsVisible = 0;
			defaultConfigurationName = Release;
		};
/* End XCConfigurationList section */
	};
	rootObject = A1F9B7F627C2E6EF00F2049D /* Project object */;
}
